
Microsoft Visual Studio Solution File, Format Version 12.00
# Visual Studio Version 17
VisualStudioVersion = 17.6.33801.468
MinimumVisualStudioVersion = 10.0.40219.1
Project("{FAE04EC0-301F-11D3-BF4B-00C04F79EFBC}") = "DinamikCv", "DinamikCv\DinamikCv.csproj", "{2DB267F9-030D-40DA-8F6F-4C015A9E5EA5}"
EndProject
Global
	GlobalSection(SolutionConfigurationPlatforms) = preSolution
		Debug|Any CPU = Debug|Any CPU
		Release|Any CPU = Release|Any CPU
	EndGlobalSection
	GlobalSection(ProjectConfigurationPlatforms) = postSolution
		{2DB267F9-030D-40DA-8F6F-4C015A9E5EA5}.Debug|Any CPU.ActiveCfg = Debug|Any CPU
		{2DB267F9-030D-40DA-8F6F-4C015A9E5EA5}.Debug|Any CPU.Build.0 = Debug|Any CPU
		{2DB267F9-030D-40DA-8F6F-4C015A9E5EA5}.Release|Any CPU.ActiveCfg = Release|Any CPU
		{2DB267F9-030D-40DA-8F6F-4C015A9E5EA5}.Release|Any CPU.Build.0 = Release|Any CPU
	EndGlobalSection
	GlobalSection(SolutionProperties) = preSolution
		HideSolutionNode = FALSE
	EndGlobalSection
	GlobalSection(ExtensibilityGlobals) = postSolution
		SolutionGuid = {3D1732F2-E8B0-4EB9-9995-34ADE79B9B50}
	EndGlobalSection
EndGlobal
